
Microsoft Visual Studio Solution File, Format Version 12.00
# Visual Studio Version 16
VisualStudioVersion = 16.0.29613.14
MinimumVisualStudioVersion = 10.0.40219.1
Project("{9A19103F-16F7-4668-BE54-9A1E7A4F7556}") = "UnitTestMoq.Calculator", "UnitTestMoq.Calculator\UnitTestMoq.Calculator.csproj", "{9A09437E-140F-480D-B0D9-DD9EFCE8EEB2}"
EndProject
Project("{FAE04EC0-301F-11D3-BF4B-00C04F79EFBC}") = "UnitTestMoq.CalculatorTests", "UnitTestMoq.CalculatorTests\UnitTestMoq.CalculatorTests.csproj", "{FB198163-3C2A-43E6-B3A7-E83D41F1DC04}"
EndProject
Global
	GlobalSection(SolutionConfigurationPlatforms) = preSolution
		Debug|Any CPU = Debug|Any CPU
		Release|Any CPU = Release|Any CPU
	EndGlobalSection
	GlobalSection(ProjectConfigurationPlatforms) = postSolution
		{9A09437E-140F-480D-B0D9-DD9EFCE8EEB2}.Debug|Any CPU.ActiveCfg = Debug|Any CPU
		{9A09437E-140F-480D-B0D9-DD9EFCE8EEB2}.Debug|Any CPU.Build.0 = Debug|Any CPU
		{9A09437E-140F-480D-B0D9-DD9EFCE8EEB2}.Release|Any CPU.ActiveCfg = Release|Any CPU
		{9A09437E-140F-480D-B0D9-DD9EFCE8EEB2}.Release|Any CPU.Build.0 = Release|Any CPU
		{FB198163-3C2A-43E6-B3A7-E83D41F1DC04}.Debug|Any CPU.ActiveCfg = Debug|Any CPU
		{FB198163-3C2A-43E6-B3A7-E83D41F1DC04}.Debug|Any CPU.Build.0 = Debug|Any CPU
		{FB198163-3C2A-43E6-B3A7-E83D41F1DC04}.Release|Any CPU.ActiveCfg = Release|Any CPU
		{FB198163-3C2A-43E6-B3A7-E83D41F1DC04}.Release|Any CPU.Build.0 = Release|Any CPU
	EndGlobalSection
	GlobalSection(SolutionProperties) = preSolution
		HideSolutionNode = FALSE
	EndGlobalSection
	GlobalSection(ExtensibilityGlobals) = postSolution
		SolutionGuid = {D0F715B1-74B1-481E-9102-351FDF95CC2F}
	EndGlobalSection
EndGlobal
